{
  "version": 4,
  "terraform_version": "1.2.7",
  "serial": 51,
  "lineage": "d8f6d81b-2caa-37aa-c0b8-12d244de6875",
  "outputs": {
    "user_arn": {
      "value": "arn:aws:iam::023013726993:user/Selinin",
      "type": "string"
    }
  },
  "resources": [
    {
      "mode": "data",
      "type": "aws_iam_policy",
      "name": "AWSHealthFullAccess",
      "provider": "provider[\"registry.terraform.io/hashicorp/aws\"]",
      "instances": [
        {
          "schema_version": 0,
          "attributes": {
            "arn": "arn:aws:iam::aws:policy/AWSHealthFullAccess",
            "description": "Allows full access to the AWS Health Apis and Notifications and the Personal Health Dashboard",
            "id": "arn:aws:iam::aws:policy/AWSHealthFullAccess",
            "name": "AWSHealthFullAccess",
            "path": "/",
            "path_prefix": null,
            "policy": "{\n\t\"Version\": \"2012-10-17\",\n\t\"Statement\": [\n\t\t{\n\t\t\t\"Effect\": \"Allow\",\n\t\t\t\"Action\": [\n\t\t\t\t\"organizations:EnableAWSServiceAccess\",\n\t\t\t\t\"organizations:DisableAWSServiceAccess\"\n\t\t\t],\n\t\t\t\"Resource\": \"*\",\n\t\t\t\"Condition\": {\n\t\t\t\t\"StringEquals\": {\n\t\t\t\t\t\"organizations:ServicePrincipal\": \"health.amazonaws.com\"\n\t\t\t\t}\n\t\t\t}\n\t\t},\n\t\t{\n\t\t\t\"Effect\": \"Allow\",\n\t\t\t\"Action\": [\n\t\t\t\t\"health:*\",\n\t\t\t\t\"organizations:ListAccounts\",\n\t\t\t\t\"organizations:ListParents\",\n\t\t\t\t\"organizations:DescribeAccount\",\n\t\t\t\t\"organizations:ListDelegatedAdministrators\"\n\t\t\t],\n\t\t\t\"Resource\": \"*\"\n\t\t},\n\t\t{\n\t\t\t\"Effect\": \"Allow\",\n\t\t\t\"Action\": \"iam:CreateServiceLinkedRole\",\n\t\t\t\"Resource\": \"*\",\n\t\t\t\"Condition\": {\n\t\t\t\t\"StringEquals\": {\n\t\t\t\t\t\"iam:AWSServiceName\": \"health.amazonaws.com\"\n\t\t\t\t}\n\t\t\t}\n\t\t}\n\t]\n}",
            "policy_id": "ANPAI3CUMPCPEUPCSXC4Y",
            "tags": {}
          },
          "sensitive_attributes": []
        }
      ]
    },
    {
      "mode": "managed",
      "type": "aws_iam_group",
      "name": "group",
      "provider": "provider[\"registry.terraform.io/hashicorp/aws\"]",
      "instances": [
        {
          "schema_version": 0,
          "attributes": {
            "arn": "arn:aws:iam::023013726993:group/my-test-group",
            "id": "my-test-group",
            "name": "my-test-group",
            "path": "/",
            "unique_id": "AGPAQKW5ZTMIWSOM2G6MU"
          },
          "sensitive_attributes": [],
          "private": "bnVsbA=="
        }
      ]
    },
    {
      "mode": "managed",
      "type": "aws_iam_policy",
      "name": "DynamoDB_full",
      "provider": "provider[\"registry.terraform.io/hashicorp/aws\"]",
      "instances": [
        {
          "schema_version": 0,
          "attributes": {
            "arn": "arn:aws:iam::023013726993:policy/Cloudwatch-policy",
            "description": "My test policy",
            "id": "arn:aws:iam::023013726993:policy/Cloudwatch-policy",
            "name": "Cloudwatch-policy",
            "name_prefix": null,
            "path": "/",
            "policy": "{\"Statement\":[{\"Action\":\"dynamodb:*\",\"Effect\":\"Allow\",\"Resource\":\"*\"}],\"Version\":\"2012-10-17\"}",
            "policy_id": "ANPAQKW5ZTMIUY2MDK4TA",
            "tags": {},
            "tags_all": {}
          },
          "sensitive_attributes": [],
          "private": "bnVsbA=="
        }
      ]
    },
    {
      "mode": "managed",
      "type": "aws_iam_policy",
      "name": "IAM_full",
      "provider": "provider[\"registry.terraform.io/hashicorp/aws\"]",
      "instances": [
        {
          "schema_version": 0,
          "attributes": {
            "arn": "arn:aws:iam::023013726993:policy/IAM-policy",
            "description": "My test policy",
            "id": "arn:aws:iam::023013726993:policy/IAM-policy",
            "name": "IAM-policy",
            "name_prefix": null,
            "path": "/",
            "policy": "{\"Statement\":[{\"Action\":\"iam:*\",\"Effect\":\"Allow\",\"Resource\":\"*\"}],\"Version\":\"2012-10-17\"}",
            "policy_id": "ANPAQKW5ZTMITQTVUDTJW",
            "tags": {},
            "tags_all": {}
          },
          "sensitive_attributes": [],
          "private": "bnVsbA=="
        }
      ]
    },
    {
      "mode": "managed",
      "type": "aws_iam_policy",
      "name": "S3_full",
      "provider": "provider[\"registry.terraform.io/hashicorp/aws\"]",
      "instances": [
        {
          "schema_version": 0,
          "attributes": {
            "arn": "arn:aws:iam::023013726993:policy/S3-policy",
            "description": "My test policy",
            "id": "arn:aws:iam::023013726993:policy/S3-policy",
            "name": "S3-policy",
            "name_prefix": null,
            "path": "/",
            "policy": "{\"Statement\":[{\"Action\":\"s3:*\",\"Effect\":\"Allow\",\"Resource\":\"*\"}],\"Version\":\"2012-10-17\"}",
            "policy_id": "ANPAQKW5ZTMI7C3RG3LZF",
            "tags": {},
            "tags_all": {}
          },
          "sensitive_attributes": [],
          "private": "bnVsbA=="
        }
      ]
    },
    {
      "mode": "managed",
      "type": "aws_iam_policy",
      "name": "ec2_full",
      "provider": "provider[\"registry.terraform.io/hashicorp/aws\"]",
      "instances": [
        {
          "schema_version": 0,
          "attributes": {
            "arn": "arn:aws:iam::023013726993:policy/ec2_full",
            "description": "",
            "id": "arn:aws:iam::023013726993:policy/ec2_full",
            "name": "ec2_full",
            "name_prefix": null,
            "path": "/",
            "policy": "{\"Statement\":[{\"Action\":\"ec2:*\",\"Effect\":\"Allow\",\"Resource\":\"*\"},{\"Action\":\"elasticloadbalancing:*\",\"Effect\":\"Allow\",\"Resource\":\"*\"},{\"Action\":\"cloudwatch:*\",\"Effect\":\"Allow\",\"Resource\":\"*\"},{\"Action\":\"autoscaling:*\",\"Effect\":\"Allow\",\"Resource\":\"*\"},{\"Action\":\"iam:CreateServiceLinkedRole\",\"Condition\":{\"StringEquals\":{\"iam:AWSServiceName\":[\"autoscaling.amazonaws.com\",\"ec2scheduled.amazonaws.com\",\"elasticloadbalancing.amazonaws.com\",\"spot.amazonaws.com\",\"spotfleet.amazonaws.com\",\"transitgateway.amazonaws.com\"]}},\"Effect\":\"Allow\",\"Resource\":\"*\"}],\"Version\":\"2012-10-17\"}",
            "policy_id": "ANPAQKW5ZTMI3YIFVLP6H",
            "tags": {},
            "tags_all": {}
          },
          "sensitive_attributes": [],
          "private": "bnVsbA=="
        }
      ]
    },
    {
      "mode": "managed",
      "type": "aws_iam_policy",
      "name": "policy",
      "provider": "provider[\"registry.terraform.io/hashicorp/aws\"]",
      "instances": [
        {
          "schema_version": 0,
          "attributes": {
            "arn": "arn:aws:iam::023013726993:policy/AmazonRDSFullAccess",
            "description": "My test aws managed policy attach to a group/user",
            "id": "arn:aws:iam::023013726993:policy/AmazonRDSFullAccess",
            "name": "AmazonRDSFullAccess",
            "name_prefix": null,
            "path": "/",
            "policy": "{\"Statement\":[{\"Action\":[\"rds:*\",\"application-autoscaling:DeleteScalingPolicy\",\"application-autoscaling:DeregisterScalableTarget\",\"application-autoscaling:DescribeScalableTargets\",\"application-autoscaling:DescribeScalingActivities\",\"application-autoscaling:DescribeScalingPolicies\",\"application-autoscaling:PutScalingPolicy\",\"application-autoscaling:RegisterScalableTarget\",\"cloudwatch:DescribeAlarms\",\"cloudwatch:GetMetricStatistics\",\"cloudwatch:PutMetricAlarm\",\"cloudwatch:DeleteAlarms\",\"ec2:DescribeAccountAttributes\",\"ec2:DescribeAvailabilityZones\",\"ec2:DescribeCoipPools\",\"ec2:DescribeInternetGateways\",\"ec2:DescribeLocalGatewayRouteTablePermissions\",\"ec2:DescribeLocalGatewayRouteTables\",\"ec2:DescribeLocalGatewayRouteTableVpcAssociations\",\"ec2:DescribeLocalGateways\",\"ec2:DescribeSecurityGroups\",\"ec2:DescribeSubnets\",\"ec2:DescribeVpcAttribute\",\"ec2:DescribeVpcs\",\"ec2:GetCoipPoolUsage\",\"sns:ListSubscriptions\",\"sns:ListTopics\",\"sns:Publish\",\"logs:DescribeLogStreams\",\"logs:GetLogEvents\",\"outposts:GetOutpostInstanceTypes\"],\"Effect\":\"Allow\",\"Resource\":\"*\"},{\"Action\":\"pi:*\",\"Effect\":\"Allow\",\"Resource\":\"arn:aws:pi:*:*:metrics/rds/*\"},{\"Action\":\"iam:CreateServiceLinkedRole\",\"Condition\":{\"StringLike\":{\"iam:AWSServiceName\":[\"rds.amazonaws.com\",\"rds.application-autoscaling.amazonaws.com\"]}},\"Effect\":\"Allow\",\"Resource\":\"*\"}],\"Version\":\"2012-10-17\"}",
            "policy_id": "ANPAQKW5ZTMIR3MA44GWT",
            "tags": {},
            "tags_all": {}
          },
          "sensitive_attributes": [],
          "private": "bnVsbA=="
        }
      ]
    },
    {
      "mode": "managed",
      "type": "aws_iam_policy_attachment",
      "name": "RDS-attach",
      "provider": "provider[\"registry.terraform.io/hashicorp/aws\"]",
      "instances": [
        {
          "schema_version": 0,
          "attributes": {
            "groups": [
              "my-test-group"
            ],
            "id": "RDS-attachment",
            "name": "RDS-attachment",
            "policy_arn": "arn:aws:iam::023013726993:policy/AmazonRDSFullAccess",
            "roles": [],
            "users": []
          },
          "sensitive_attributes": [],
          "private": "bnVsbA==",
          "dependencies": [
            "aws_iam_group.group",
            "aws_iam_policy.policy"
          ]
        }
      ]
    },
    {
      "mode": "managed",
      "type": "aws_iam_policy_attachment",
      "name": "health-attach",
      "provider": "provider[\"registry.terraform.io/hashicorp/aws\"]",
      "instances": [
        {
          "schema_version": 0,
          "attributes": {
            "groups": [
              "my-test-group"
            ],
            "id": "health-attachment",
            "name": "health-attachment",
            "policy_arn": "arn:aws:iam::aws:policy/AWSHealthFullAccess",
            "roles": null,
            "users": null
          },
          "sensitive_attributes": [],
          "private": "bnVsbA==",
          "dependencies": [
            "aws_iam_group.group",
            "data.aws_iam_policy.AWSHealthFullAccess"
          ]
        }
      ]
    },
    {
      "mode": "managed",
      "type": "aws_iam_user",
      "name": "newusers",
      "provider": "provider[\"registry.terraform.io/hashicorp/aws\"]",
      "instances": [
        {
          "index_key": 0,
          "schema_version": 0,
          "attributes": {
            "arn": "arn:aws:iam::023013726993:user/Selinin",
            "force_destroy": false,
            "id": "Selinin",
            "name": "Selinin",
            "path": "/",
            "permissions_boundary": null,
            "tags": {},
            "tags_all": {},
            "unique_id": "AIDAQKW5ZTMIYI6XHCN7P"
          },
          "sensitive_attributes": [],
          "private": "bnVsbA=="
        }
      ]
    },
    {
      "mode": "managed",
      "type": "aws_iam_user_policy_attachment",
      "name": "DynamoDB_user_full",
      "provider": "provider[\"registry.terraform.io/hashicorp/aws\"]",
      "instances": [
        {
          "index_key": 0,
          "schema_version": 0,
          "attributes": {
            "id": "Selinin-20220918160143626200000005",
            "policy_arn": "arn:aws:iam::023013726993:policy/Cloudwatch-policy",
            "user": "Selinin"
          },
          "sensitive_attributes": [],
          "private": "bnVsbA==",
          "dependencies": [
            "aws_iam_policy.DynamoDB_full",
            "aws_iam_user.newusers"
          ]
        }
      ]
    },
    {
      "mode": "managed",
      "type": "aws_iam_user_policy_attachment",
      "name": "IAM_user_full",
      "provider": "provider[\"registry.terraform.io/hashicorp/aws\"]",
      "instances": [
        {
          "index_key": 0,
          "schema_version": 0,
          "attributes": {
            "id": "Selinin-20220918160143457600000002",
            "policy_arn": "arn:aws:iam::023013726993:policy/IAM-policy",
            "user": "Selinin"
          },
          "sensitive_attributes": [],
          "private": "bnVsbA==",
          "dependencies": [
            "aws_iam_policy.IAM_full",
            "aws_iam_user.newusers"
          ]
        }
      ]
    },
    {
      "mode": "managed",
      "type": "aws_iam_user_policy_attachment",
      "name": "S3_user_full",
      "provider": "provider[\"registry.terraform.io/hashicorp/aws\"]",
      "instances": [
        {
          "index_key": 0,
          "schema_version": 0,
          "attributes": {
            "id": "Selinin-20220918152826764900000003",
            "policy_arn": "arn:aws:iam::023013726993:policy/S3-policy",
            "user": "Selinin"
          },
          "sensitive_attributes": [],
          "private": "bnVsbA==",
          "dependencies": [
            "aws_iam_policy.S3_full",
            "aws_iam_user.newusers"
          ]
        }
      ]
    },
    {
      "mode": "managed",
      "type": "aws_iam_user_policy_attachment",
      "name": "ec2-user-full",
      "provider": "provider[\"registry.terraform.io/hashicorp/aws\"]",
      "instances": [
        {
          "index_key": 0,
          "schema_version": 0,
          "attributes": {
            "id": "Selinin-20220918144810125100000001",
            "policy_arn": "arn:aws:iam::023013726993:policy/ec2_full",
            "user": "Selinin"
          },
          "sensitive_attributes": [],
          "private": "bnVsbA==",
          "dependencies": [
            "aws_iam_policy.ec2_full",
            "aws_iam_user.newusers"
          ]
        }
      ]
    }
  ]
}
